
Microsoft Visual Studio Solution File, Format Version 12.00
# Visual Studio Version 17
VisualStudioVersion = 17.7.34202.233
MinimumVisualStudioVersion = 10.0.40219.1
Project("{FAE04EC0-301F-11D3-BF4B-00C04F79EFBC}") = "SameBroingToDoList.API", "SameBroingToDoList.API\SameBroingToDoList.API.csproj", "{DB964DF9-B10B-40C7-905F-C9FE52C9C1E6}"
EndProject
Project("{FAE04EC0-301F-11D3-BF4B-00C04F79EFBC}") = "SameBroingToDoList.Domain", "SameBroingToDoList.Domain\SameBroingToDoList.Domain.csproj", "{87ABBFE2-6E21-472A-B6CF-CF3935B7957D}"
EndProject
Project("{FAE04EC0-301F-11D3-BF4B-00C04F79EFBC}") = "SameBroingToDoList.Shared", "SameBroingToDoList.Shared\SameBroingToDoList.Shared.csproj", "{31AB203E-3A68-4D2E-897C-6431146A42F3}"
EndProject
Global
	GlobalSection(SolutionConfigurationPlatforms) = preSolution
		Debug|Any CPU = Debug|Any CPU
		Release|Any CPU = Release|Any CPU
	EndGlobalSection
	GlobalSection(ProjectConfigurationPlatforms) = postSolution
		{DB964DF9-B10B-40C7-905F-C9FE52C9C1E6}.Debug|Any CPU.ActiveCfg = Debug|Any CPU
		{DB964DF9-B10B-40C7-905F-C9FE52C9C1E6}.Debug|Any CPU.Build.0 = Debug|Any CPU
		{DB964DF9-B10B-40C7-905F-C9FE52C9C1E6}.Release|Any CPU.ActiveCfg = Release|Any CPU
		{DB964DF9-B10B-40C7-905F-C9FE52C9C1E6}.Release|Any CPU.Build.0 = Release|Any CPU
		{87ABBFE2-6E21-472A-B6CF-CF3935B7957D}.Debug|Any CPU.ActiveCfg = Debug|Any CPU
		{87ABBFE2-6E21-472A-B6CF-CF3935B7957D}.Debug|Any CPU.Build.0 = Debug|Any CPU
		{87ABBFE2-6E21-472A-B6CF-CF3935B7957D}.Release|Any CPU.ActiveCfg = Release|Any CPU
		{87ABBFE2-6E21-472A-B6CF-CF3935B7957D}.Release|Any CPU.Build.0 = Release|Any CPU
		{31AB203E-3A68-4D2E-897C-6431146A42F3}.Debug|Any CPU.ActiveCfg = Debug|Any CPU
		{31AB203E-3A68-4D2E-897C-6431146A42F3}.Debug|Any CPU.Build.0 = Debug|Any CPU
		{31AB203E-3A68-4D2E-897C-6431146A42F3}.Release|Any CPU.ActiveCfg = Release|Any CPU
		{31AB203E-3A68-4D2E-897C-6431146A42F3}.Release|Any CPU.Build.0 = Release|Any CPU
	EndGlobalSection
	GlobalSection(SolutionProperties) = preSolution
		HideSolutionNode = FALSE
	EndGlobalSection
	GlobalSection(ExtensibilityGlobals) = postSolution
		SolutionGuid = {86E684EF-1349-4002-9E46-384FBB111A88}
	EndGlobalSection
EndGlobal
